<?xml version="1.0" encoding="utf-8"?>
<Project ToolsVersion="4.0" xmlns="http://schemas.microsoft.com/developer/msbuild/2003">
  <ItemGroup>
    <ClCompile Include="src\App.cpp" />
    <ClCompile Include="src\ParserGenerator\Interpreter\ListParser\ListLexer.cpp" />
    <ClCompile Include="src\ParserGenerator\Interpreter\GrammarVisitor.cpp" />
    <ClCompile Include="src\ParserGenerator\Interpreter\LexerConfig.cpp" />
    <ClCompile Include="src\ParserGenerator\Interpreter\ListInterpreter.cpp" />
    <ClCompile Include="src\ParserGenerator\Interpreter\ParserConfig.cpp" />
    <ClCompile Include="src\ParserGenerator\Interpreter\RuleVisitor.cpp" />
    <ClCompile Include="src\ParserGenerator\Interpreter\TokenVisitor.cpp" />
    <ClCompile Include="src\ParserGenerator\Regex\NFA.cpp" />
    <ClCompile Include="src\ParserGenerator\Regex\Node.cpp" />
    <ClCompile Include="src\ParserGenerator\Regex\RegExp.cpp" />
    <ClCompile Include="src\ParserGenerator\Builder\ParserBuilder.cpp" />
    <ClCompile Include="src\ParserGenerator\Interpreter\GrammarParser\GrammarLexer.cpp" />
    <ClCompile Include="src\ParserGenerator\Interpreter\GrammarParser\GrammarParser.cpp" />
  </ItemGroup>
  <ItemGroup>
    <ClInclude Include="src\ParserGenerator\Interpreter\ListParser\ListAlphabet.h" />
    <ClInclude Include="src\ParserGenerator\Interpreter\ListParser\ListLexer.h" />
    <ClInclude Include="src\ParserGenerator\Interpreter\GrammarVisitor.h" />
    <ClInclude Include="src\ParserGenerator\Interpreter\LexerConfig.h" />
    <ClInclude Include="src\ParserGenerator\Interpreter\ListInterpreter.h" />
    <ClInclude Include="src\ParserGenerator\Interpreter\ParserConfig.h" />
    <ClInclude Include="src\ParserGenerator\Interpreter\RuleVisitor.h" />
    <ClInclude Include="src\ParserGenerator\Interpreter\TokenVisitor.h" />
    <ClInclude Include="src\ParserGenerator\Regex\NFA.h" />
    <ClInclude Include="src\ParserGenerator\Regex\Node.h" />
    <ClInclude Include="src\ParserGenerator\Regex\RegExp.h" />
    <ClInclude Include="src\ParserGenerator\Builder\ParserBuilder.h" />
    <ClInclude Include="src\ParserGenerator\Interpreter\GrammarParser\GrammarAlphabet.h" />
    <ClInclude Include="src\ParserGenerator\Interpreter\GrammarParser\GrammarLexer.h" />
    <ClInclude Include="src\ParserGenerator\Interpreter\GrammarParser\GrammarParser.h" />
    <ClInclude Include="src\ParserGenerator\Interpreter\GrammarParser\GrammarRules.h" />
    <ClInclude Include="src\ParserGenerator\Interpreter\GrammarParser\GrammarVisitorBase.h" />
  </ItemGroup>
</Project>