<?xml version="1.0" encoding="utf-8"?>
<Project ToolsVersion="4.0" xmlns="http://schemas.microsoft.com/developer/msbuild/2003">
  <ItemGroup>
    <ClCompile Include="src\App.cpp" />
    <ClCompile Include="src\ParserGenerator\Interpreter\ListParser\ListLexer.cpp" />
    <ClCompile Include="src\ParserGenerator\Interpreter\GrammarVisitor.cpp" />
    <ClCompile Include="src\ParserGenerator\Interpreter\LexerConfig.cpp" />
    <ClCompile Include="src\ParserGenerator\Interpreter\ListInterpreter.cpp" />
    <ClCompile Include="src\ParserGenerator\Interpreter\ParserConfig.cpp" />
    <ClCompile Include="src\ParserGenerator\Interpreter\RuleVisitor.cpp" />
    <ClCompile Include="src\ParserGenerator\Interpreter\TokenVisitor.cpp" />
    <ClCompile Include="src\ParserGenerator\Regex\NFA.cpp" />
    <ClCompile Include="src\ParserGenerator\Regex\Node.cpp" />
    <ClCompile Include="src\ParserGenerator\Regex\RegExp.cpp" />
    <ClCompile Include="src\ParserGenerator\Builder\ParserBuilder.cpp" />
    <ClCompile Include="src\ParserGenerator\Interpreter\GrammarParser\GrammarLexer.cpp" />
    <ClCompile Include="src\ParserGenerator\Interpreter\GrammarParser\GrammarParser.cpp" />
    <ClCompile Include="src\ParserGenerator\Utils\StringUtils.cpp" />
    <ClCompile Include="src\ParserGenerator\Builder\Alphabet.cpp" />
    <ClCompile Include="src\ParserGenerator\Builder\FirstFollowTable.cpp" />
    <ClCompile Include="src\ParserGenerator\Serializer\Snippets\ClassSnippet.cpp" />
    <ClCompile Include="src\ParserGenerator\Serializer\Snippets\ConstructorSnippet.cpp" />
    <ClCompile Include="src\ParserGenerator\Serializer\Snippets\ForwardDeclSnippet.cpp" />
    <ClCompile Include="src\ParserGenerator\Serializer\Snippets\FunctionSnippet.cpp" />
    <ClCompile Include="src\ParserGenerator\Serializer\Snippets\SwitchSnippet.cpp" />
    <ClCompile Include="src\ParserGenerator\Serializer\CodeGenerator.cpp" />
    <ClCompile Include="src\ParserGenerator\Serializer\FileTemplate.cpp" />
    <ClCompile Include="src\ParserGenerator\Serializer\Snippets\CodeSnippet.cpp" />
    <ClCompile Include="src\ParserGenerator\Serializer\Snippets\EnumSnippet.cpp" />
    <ClCompile Include="src\ParserGenerator\Serializer\Snippets\IncludeSnippet.cpp" />
    <ClCompile Include="src\ParserGenerator\Serializer\Snippets\PlainSnippet.cpp" />
    <ClCompile Include="src\ParserGenerator\Serializer\Snippets\NamespaceSnippet.cpp" />
  </ItemGroup>
  <ItemGroup>
    <ClInclude Include="src\ParserGenerator\Interpreter\ListParser\ListAlphabet.h" />
    <ClInclude Include="src\ParserGenerator\Interpreter\ListParser\ListLexer.h" />
    <ClInclude Include="src\ParserGenerator\Interpreter\GrammarVisitor.h" />
    <ClInclude Include="src\ParserGenerator\Interpreter\LexerConfig.h" />
    <ClInclude Include="src\ParserGenerator\Interpreter\ListInterpreter.h" />
    <ClInclude Include="src\ParserGenerator\Interpreter\ParserConfig.h" />
    <ClInclude Include="src\ParserGenerator\Interpreter\RuleVisitor.h" />
    <ClInclude Include="src\ParserGenerator\Interpreter\TokenVisitor.h" />
    <ClInclude Include="src\ParserGenerator\Regex\NFA.h" />
    <ClInclude Include="src\ParserGenerator\Regex\Node.h" />
    <ClInclude Include="src\ParserGenerator\Regex\RegExp.h" />
    <ClInclude Include="src\ParserGenerator\Builder\ParserBuilder.h" />
    <ClInclude Include="src\ParserGenerator\Interpreter\GrammarParser\GrammarAlphabet.h" />
    <ClInclude Include="src\ParserGenerator\Interpreter\GrammarParser\GrammarLexer.h" />
    <ClInclude Include="src\ParserGenerator\Interpreter\GrammarParser\GrammarParser.h" />
    <ClInclude Include="src\ParserGenerator\Interpreter\GrammarParser\GrammarRules.h" />
    <ClInclude Include="src\ParserGenerator\Interpreter\GrammarParser\GrammarVisitorBase.h" />
    <ClInclude Include="src\ParserGenerator\Utils\Math.h" />
    <ClInclude Include="src\ParserGenerator\Utils\StringUtils.h" />
    <ClInclude Include="src\ParserGenerator\Builder\Alphabet.h" />
    <ClInclude Include="src\ParserGenerator\Builder\FirstFollowTable.h" />
    <ClInclude Include="src\ParserGenerator\Serializer\Snippets\ClassSnippet.h" />
    <ClInclude Include="src\ParserGenerator\Serializer\Snippets\ConstructorSnippet.h" />
    <ClInclude Include="src\ParserGenerator\Serializer\Snippets\ForwardDeclSnippet.h" />
    <ClInclude Include="src\ParserGenerator\Serializer\Snippets\FunctionSnippet.h" />
    <ClInclude Include="src\ParserGenerator\Serializer\Snippets\SwitchSnippet.h" />
    <ClInclude Include="src\ParserGenerator\Serializer\CodeGenerator.h" />
    <ClInclude Include="src\ParserGenerator\Serializer\FileTemplate.h" />
    <ClInclude Include="src\ParserGenerator\Serializer\WriterInterface.h" />
    <ClInclude Include="src\ParserGenerator\Serializer\Snippets\CodeSnippet.h" />
    <ClInclude Include="src\ParserGenerator\Serializer\Snippets\PlainSnippet.h" />
    <ClInclude Include="src\ParserGenerator\Serializer\Snippets\EnumSnippet.h" />
    <ClInclude Include="src\ParserGenerator\Serializer\Snippets\IncludeSnippet.h" />
    <ClInclude Include="src\ParserGenerator\Serializer\Snippets\NamespaceSnippet.h" />
  </ItemGroup>
</Project>